
Microsoft Visual Studio Solution File, Format Version 12.00
# Visual Studio Version 17
VisualStudioVersion = 17.9.34728.123
MinimumVisualStudioVersion = 10.0.40219.1
Project("{FAE04EC0-301F-11D3-BF4B-00C04F79EFBC}") = "BlazorMRZ", "BlazorMRZ.csproj", "{8C2AE215-F66F-4059-901E-1B7A406154F2}"
EndProject
Global
	GlobalSection(SolutionConfigurationPlatforms) = preSolution
		Debug|Any CPU = Debug|Any CPU
		Release|Any CPU = Release|Any CPU
	EndGlobalSection
	GlobalSection(ProjectConfigurationPlatforms) = postSolution
		{8C2AE215-F66F-4059-901E-1B7A406154F2}.Debug|Any CPU.ActiveCfg = Debug|Any CPU
		{8C2AE215-F66F-4059-901E-1B7A406154F2}.Debug|Any CPU.Build.0 = Debug|Any CPU
		{8C2AE215-F66F-4059-901E-1B7A406154F2}.Release|Any CPU.ActiveCfg = Release|Any CPU
		{8C2AE215-F66F-4059-901E-1B7A406154F2}.Release|Any CPU.Build.0 = Release|Any CPU
	EndGlobalSection
	GlobalSection(SolutionProperties) = preSolution
		HideSolutionNode = FALSE
	EndGlobalSection
	GlobalSection(ExtensibilityGlobals) = postSolution
		SolutionGuid = {38794893-0EEE-420F-8C37-6D0E262EC503}
	EndGlobalSection
EndGlobal
